{
	"name": "guyn-style",
	"version": "0.1.0-alpha.15",
	"lockfileVersion": 1,
	"requires": true,
	"dependencies": {
		"@guyn-style/animate": {
			"version": "0.1.0-alpha.9",
			"resolved": "https://registry.npmjs.org/@guyn-style/animate/-/animate-0.1.0-alpha.9.tgz",
			"integrity": "sha512-fkCEgJhvuRnHb0hnfpzXoGGl+HuNlDrOl/+Jw2gvhjyoo7RYae/Y1wqxTlBynfx1Pdr0Sif4Octj1cpWMYNGAg=="
		},
		"@guyn-style/color": {
			"version": "0.1.0-alpha.9",
			"resolved": "https://registry.npmjs.org/@guyn-style/color/-/color-0.1.0-alpha.9.tgz",
			"integrity": "sha512-rEVqAgq+hpuSYzYz1wVQX45bv8cN7ov+BbvGC635wX2Eq9pu57ePVJWwyofLraf23Ds1gI470QIZl8Je1pU+KA=="
		},
		"@guyn-style/custom": {
			"version": "0.1.0-alpha.9",
			"resolved": "https://registry.npmjs.org/@guyn-style/custom/-/custom-0.1.0-alpha.9.tgz",
			"integrity": "sha512-vElhcrEWnyjT2lfrwuhgCZt2D03zJyhm/ZpL/LoqNdgJVnv8xGh7w0cYD8BPA/d1ymVX8+zTlHHzQsjuIWL3lA=="
		},
		"@guyn-style/debug": {
			"version": "0.1.0-alpha.7",
			"resolved": "https://registry.npmjs.org/@guyn-style/debug/-/debug-0.1.0-alpha.7.tgz",
			"integrity": "sha512-v6KWdep8/BCDKFwh9zOf7YFXJxgtxFpzMhLjrWEzgws9OmfoDy//7K/WEM8UDdjlMaG0fCVyuv5tWMxYO8liPA=="
		},
		"@guyn-style/default": {
			"version": "0.1.0-alpha.9",
			"resolved": "https://registry.npmjs.org/@guyn-style/default/-/default-0.1.0-alpha.9.tgz",
			"integrity": "sha512-qOZNhs+toKaE8S9gMJHShV1P4vdzc6XpD/RzpxYKkVd0zOgsaITeVSs0nIciaGQqRPHqUgSRmjXW5dakArTOJA=="
		},
		"@guyn-style/ease-gradient": {
			"version": "0.1.0-alpha.9",
			"resolved": "https://registry.npmjs.org/@guyn-style/ease-gradient/-/ease-gradient-0.1.0-alpha.9.tgz",
			"integrity": "sha512-JMKDKTEm9ebe6tmWvP+TdGzXVUTpUxpY46nS1w7d5A/ZdkxIguZ6BxT+FCXMZ8xCbp4m0i1RpRDLxYVs6CRgQA=="
		},
		"@guyn-style/forms": {
			"version": "0.1.0-alpha.8",
			"resolved": "https://registry.npmjs.org/@guyn-style/forms/-/forms-0.1.0-alpha.8.tgz",
			"integrity": "sha512-FlzYX9OoO0B1blTwbsTkZWIT/sE9rNRgOO13zfIkW9c2ennTOBdsFJmMLM+4Ow/7oS+rKDlMhHXI0Gu32918TQ=="
		},
		"@guyn-style/grid": {
			"version": "0.1.0-alpha.9",
			"resolved": "https://registry.npmjs.org/@guyn-style/grid/-/grid-0.1.0-alpha.9.tgz",
			"integrity": "sha512-rAWi4VmBR/arJ8N9HVRBtdWgfF8utDB+tBw1HsUvoSnfOSr16VxP5v1CZsPZDd4yFDOj2mhjbRVXoiR0i/0XoA=="
		},
		"@guyn-style/math": {
			"version": "0.1.0-alpha.7",
			"resolved": "https://registry.npmjs.org/@guyn-style/math/-/math-0.1.0-alpha.7.tgz",
			"integrity": "sha512-uxuWEYlAtwrK+dWjLe0uvsRoLd9K3HyyfQp01VA62ClGhgF5ja6gpxge+QJt3TJjkzxM0eYBTwnRQh0oIsVThw=="
		},
		"@guyn-style/menu": {
			"version": "0.1.0-alpha.7",
			"resolved": "https://registry.npmjs.org/@guyn-style/menu/-/menu-0.1.0-alpha.7.tgz",
			"integrity": "sha512-bXREccWH1qeN+wihuCbuJnwVnWbzDqNDikTEwUVky71IBMDoGq+cKTNYNTPBo18hah2DmT7zf4CXe505UH3cmQ=="
		},
		"@guyn-style/output": {
			"version": "0.1.0-alpha.9",
			"resolved": "https://registry.npmjs.org/@guyn-style/output/-/output-0.1.0-alpha.9.tgz",
			"integrity": "sha512-Otc/zRcAYM/uUoDBfyy4/yx9BQiheXsV+TofvbKHFEedE1VB2jlfDefesD614QSWlx7L3urej24HJ/RVL35UPQ=="
		},
		"@guyn-style/patterns": {
			"version": "0.1.0-alpha.9",
			"resolved": "https://registry.npmjs.org/@guyn-style/patterns/-/patterns-0.1.0-alpha.9.tgz",
			"integrity": "sha512-Y5mGHhCW79+CtU8TxWVu6ogz+ypgsTm3zQudGRZUPR1Di1Heq/v2atw9/7bT0sAIh1hHPpsZT9xiYO4kbZW3zQ=="
		},
		"@guyn-style/reset": {
			"version": "0.1.0-alpha.9",
			"resolved": "https://registry.npmjs.org/@guyn-style/reset/-/reset-0.1.0-alpha.9.tgz",
			"integrity": "sha512-4zbrTeKOMcAIOOY0g/8KgSAiVQBAuiYoQHE+5mkT0lsTuht72i+upTz0ypTCGIcEiE5dfU/u/YoIowGqIfsiJQ=="
		},
		"@guyn-style/settings": {
			"version": "0.1.0-alpha.7",
			"resolved": "https://registry.npmjs.org/@guyn-style/settings/-/settings-0.1.0-alpha.7.tgz",
			"integrity": "sha512-bYdG9kPEu4YcUneF4AsCvKuPllfq6QrUsgmrOzdJu+bRKYV04QsX6imOQU9tyWaHLp7ClYuZGq2HMf7kfSEMag=="
		}
	}
}
