{
	"name": "guyn-style",
	"version": "0.1.0-alpha.7",
	"lockfileVersion": 1,
	"requires": true,
	"dependencies": {
		"@guyn-style/animate": {
			"version": "0.1.0-alpha.7",
			"resolved": "https://registry.npmjs.org/@guyn-style/animate/-/animate-0.1.0-alpha.7.tgz",
			"integrity": "sha512-Vdik0zl5QuO43bRSE2zGIq97v68jlobqE6lrjnDdSz3mPWv/qvO566Dst3+Ax0elSCcU4Ot0OSodjeJw2LLo7Q=="
		},
		"@guyn-style/color": {
			"version": "0.1.0-alpha.7",
			"resolved": "https://registry.npmjs.org/@guyn-style/color/-/color-0.1.0-alpha.7.tgz",
			"integrity": "sha512-0dwQzHnoRqcAzwVEO/RM459Hi5qdPJ0EOf/E92Sfh5i1qb9IL4htoXcdW5atAAuPagCJXL/Fyx5tqHHA/u/B9g=="
		},
		"@guyn-style/custom": {
			"version": "0.1.0-alpha.7",
			"resolved": "https://registry.npmjs.org/@guyn-style/custom/-/custom-0.1.0-alpha.7.tgz",
			"integrity": "sha512-NGscZvko5ONXtU32wZGfzdTSjdmC+tWN/ZrkgcdiJ+iUdvT5yR0lviVNvGBXShiDlPKkd2b07skyLtoFes1DkA=="
		},
		"@guyn-style/debug": {
			"version": "0.1.0-alpha.7",
			"resolved": "https://registry.npmjs.org/@guyn-style/debug/-/debug-0.1.0-alpha.7.tgz",
			"integrity": "sha512-v6KWdep8/BCDKFwh9zOf7YFXJxgtxFpzMhLjrWEzgws9OmfoDy//7K/WEM8UDdjlMaG0fCVyuv5tWMxYO8liPA=="
		},
		"@guyn-style/default": {
			"version": "0.1.0-alpha.7",
			"resolved": "https://registry.npmjs.org/@guyn-style/default/-/default-0.1.0-alpha.7.tgz",
			"integrity": "sha512-FfDfYENkQ/3CtBbbO0IxDUw/yE8CNkypklkg6Bto3DrJwjxUWguQW+JD1pJIlYnifbAvUfP+2LQXH0ET58jfPQ=="
		},
		"@guyn-style/ease-gradient": {
			"version": "0.1.0-alpha.7",
			"resolved": "https://registry.npmjs.org/@guyn-style/ease-gradient/-/ease-gradient-0.1.0-alpha.7.tgz",
			"integrity": "sha512-hw1FaLpqoPExchT/hCKR4Wd0bK5dUiTnz5S4w9PgYd7EXXwQ64ScPzpFkSmDt2VC2ZV6P0iSX44Vd0G6iQm5ww=="
		},
		"@guyn-style/forms": {
			"version": "0.1.0-alpha.7",
			"resolved": "https://registry.npmjs.org/@guyn-style/forms/-/forms-0.1.0-alpha.7.tgz",
			"integrity": "sha512-xPtxToNg6TqVbasaTkIJRoiToCW7dru9TLI4XsmyvJ2XE763MEyLd6hMO5zR2W/6cw5nxTbFWGu8n51OFbEnLA=="
		},
		"@guyn-style/grid": {
			"version": "0.1.0-alpha.7",
			"resolved": "https://registry.npmjs.org/@guyn-style/grid/-/grid-0.1.0-alpha.7.tgz",
			"integrity": "sha512-ezipR4dbqXgyDgLRXd7C9eieZ8ae0w+5hdzdEFQ9/PGLK2awdV3CHY3CMhMujTFp1hZ2BvsBRWtrYHVzAQa7tA=="
		},
		"@guyn-style/math": {
			"version": "0.1.0-alpha.7",
			"resolved": "https://registry.npmjs.org/@guyn-style/math/-/math-0.1.0-alpha.7.tgz",
			"integrity": "sha512-uxuWEYlAtwrK+dWjLe0uvsRoLd9K3HyyfQp01VA62ClGhgF5ja6gpxge+QJt3TJjkzxM0eYBTwnRQh0oIsVThw=="
		},
		"@guyn-style/menu": {
			"version": "0.1.0-alpha.7",
			"resolved": "https://registry.npmjs.org/@guyn-style/menu/-/menu-0.1.0-alpha.7.tgz",
			"integrity": "sha512-bXREccWH1qeN+wihuCbuJnwVnWbzDqNDikTEwUVky71IBMDoGq+cKTNYNTPBo18hah2DmT7zf4CXe505UH3cmQ=="
		},
		"@guyn-style/output": {
			"version": "0.1.0-alpha.7",
			"resolved": "https://registry.npmjs.org/@guyn-style/output/-/output-0.1.0-alpha.7.tgz",
			"integrity": "sha512-NGh/f2tAPEQkm6LfeT9xoLs6lNkkL7aYWRr/Mp6c+n5D79/PWC17DeMnSVAWYthoSnCREfCjlFyQ1OohTj84Iw=="
		},
		"@guyn-style/patterns": {
			"version": "0.1.0-alpha.7",
			"resolved": "https://registry.npmjs.org/@guyn-style/patterns/-/patterns-0.1.0-alpha.7.tgz",
			"integrity": "sha512-ogIYkqMIo7wIiwe8nOQJrJc4z8A6vPuo9R/ddQvqNdmbfm/7TA1mzsGEjYaw0Y/Okei2hjtoLCIfJdlKlgtd6w=="
		},
		"@guyn-style/reset": {
			"version": "0.1.0-alpha.7",
			"resolved": "https://registry.npmjs.org/@guyn-style/reset/-/reset-0.1.0-alpha.7.tgz",
			"integrity": "sha512-lzv9TcBZe6YBeu29aKFEhYv5L9xZ2FKXLS1ldYkgatf2BGH3slQEBW49IO08aBd7TniDPsi6O9gZG9zwZr3vEg=="
		},
		"@guyn-style/settings": {
			"version": "0.1.0-alpha.7",
			"resolved": "https://registry.npmjs.org/@guyn-style/settings/-/settings-0.1.0-alpha.7.tgz",
			"integrity": "sha512-bYdG9kPEu4YcUneF4AsCvKuPllfq6QrUsgmrOzdJu+bRKYV04QsX6imOQU9tyWaHLp7ClYuZGq2HMf7kfSEMag=="
		},
		"@guyn-style/typography": {
			"version": "0.1.0-alpha.7",
			"resolved": "https://registry.npmjs.org/@guyn-style/typography/-/typography-0.1.0-alpha.7.tgz",
			"integrity": "sha512-3AFndvAoVV7bXGJfxwU/lWVDAfgLLPTi9jl6kr4fMx+EKFxzGcFDH3ESlacwoiDqX2Hz198iijvjVXcc3IdUxw=="
		},
		"@guyn-style/utilities": {
			"version": "0.1.0-alpha.7",
			"resolved": "https://registry.npmjs.org/@guyn-style/utilities/-/utilities-0.1.0-alpha.7.tgz",
			"integrity": "sha512-pmHYxPFaAQCIDSFdKrJ0hKRRhBdvmUW7XdVlOMLfrR4UTduX7kvBWTRhawaqXTQYuwfdfBc5MhDKuUo2+NCbBw=="
		}
	}
}
